
Microsoft Visual Studio Solution File, Format Version 12.00
# Visual Studio Version 16
VisualStudioVersion = 16.0.31515.178
MinimumVisualStudioVersion = 10.0.40219.1
Project("{8BC9CEB8-8B4A-11D0-8D11-00A0C91BC942}") = "Problem 2 - Painter", "Problem 2 - Painter.vcxproj", "{756BA4CE-0D4C-44F1-9145-DD56BA75A269}"
EndProject
Global
	GlobalSection(SolutionConfigurationPlatforms) = preSolution
		Debug|x64 = Debug|x64
		Debug|x86 = Debug|x86
		Release|x64 = Release|x64
		Release|x86 = Release|x86
	EndGlobalSection
	GlobalSection(ProjectConfigurationPlatforms) = postSolution
		{756BA4CE-0D4C-44F1-9145-DD56BA75A269}.Debug|x64.ActiveCfg = Debug|x64
		{756BA4CE-0D4C-44F1-9145-DD56BA75A269}.Debug|x64.Build.0 = Debug|x64
		{756BA4CE-0D4C-44F1-9145-DD56BA75A269}.Debug|x86.ActiveCfg = Debug|Win32
		{756BA4CE-0D4C-44F1-9145-DD56BA75A269}.Debug|x86.Build.0 = Debug|Win32
		{756BA4CE-0D4C-44F1-9145-DD56BA75A269}.Release|x64.ActiveCfg = Release|x64
		{756BA4CE-0D4C-44F1-9145-DD56BA75A269}.Release|x64.Build.0 = Release|x64
		{756BA4CE-0D4C-44F1-9145-DD56BA75A269}.Release|x86.ActiveCfg = Release|Win32
		{756BA4CE-0D4C-44F1-9145-DD56BA75A269}.Release|x86.Build.0 = Release|Win32
	EndGlobalSection
	GlobalSection(SolutionProperties) = preSolution
		HideSolutionNode = FALSE
	EndGlobalSection
	GlobalSection(ExtensibilityGlobals) = postSolution
		SolutionGuid = {71657D06-884F-430F-829D-60CE12305E6D}
	EndGlobalSection
EndGlobal
